
Microsoft Visual Studio Solution File, Format Version 12.00
# Visual Studio Version 17
VisualStudioVersion = 17.0.31919.166
MinimumVisualStudioVersion = 10.0.40219.1
Project("{888888A0-9F3D-457C-B088-3A5042F75D52}") = "StockAnalysis", "StockAnalysis.pyproj", "{457003A3-6888-4B82-8C3C-25094A2EA989}"
EndProject
Global
	GlobalSection(SolutionConfigurationPlatforms) = preSolution
		Debug|Any CPU = Debug|Any CPU
		Release|Any CPU = Release|Any CPU
	EndGlobalSection
	GlobalSection(ProjectConfigurationPlatforms) = postSolution
		{457003A3-6888-4B82-8C3C-25094A2EA989}.Debug|Any CPU.ActiveCfg = Debug|Any CPU
		{457003A3-6888-4B82-8C3C-25094A2EA989}.Release|Any CPU.ActiveCfg = Release|Any CPU
	EndGlobalSection
	GlobalSection(SolutionProperties) = preSolution
		HideSolutionNode = FALSE
	EndGlobalSection
	GlobalSection(ExtensibilityGlobals) = postSolution
		SolutionGuid = {F9C21FD6-FE41-4B8C-888B-CE241CFC07A0}
	EndGlobalSection
EndGlobal
